
Microsoft Visual Studio Solution File, Format Version 12.00
# Visual Studio 15
VisualStudioVersion = 15.0.28010.2048
MinimumVisualStudioVersion = 10.0.40219.1
Project("{FAE04EC0-301F-11D3-BF4B-00C04F79EFBC}") = "Shopping", "Shopping\Shopping.csproj", "{0F5D9591-4FA1-4DBD-B74A-27833FB379F0}"
EndProject
Global
	GlobalSection(SolutionConfigurationPlatforms) = preSolution
		Debug|Any CPU = Debug|Any CPU
		Release|Any CPU = Release|Any CPU
	EndGlobalSection
	GlobalSection(ProjectConfigurationPlatforms) = postSolution
		{0F5D9591-4FA1-4DBD-B74A-27833FB379F0}.Debug|Any CPU.ActiveCfg = Debug|Any CPU
		{0F5D9591-4FA1-4DBD-B74A-27833FB379F0}.Debug|Any CPU.Build.0 = Debug|Any CPU
		{0F5D9591-4FA1-4DBD-B74A-27833FB379F0}.Release|Any CPU.ActiveCfg = Release|Any CPU
		{0F5D9591-4FA1-4DBD-B74A-27833FB379F0}.Release|Any CPU.Build.0 = Release|Any CPU
	EndGlobalSection
	GlobalSection(SolutionProperties) = preSolution
		HideSolutionNode = FALSE
	EndGlobalSection
	GlobalSection(ExtensibilityGlobals) = postSolution
		SolutionGuid = {C7095F40-E023-4929-968B-92AA92D59607}
	EndGlobalSection
EndGlobal
